
Microsoft Visual Studio Solution File, Format Version 12.00
Project("{FAE04EC0-301F-11D3-BF4B-00C04F79EFBC}") = "MyWallet.Web", "MyWallet.Web\MyWallet.Web.csproj", "{598034E8-C071-49D0-BB8A-9ECF45D4C7F2}"
EndProject
Project("{FAE04EC0-301F-11D3-BF4B-00C04F79EFBC}") = "MyWallet.Application", "MyWallet.Application\MyWallet.Application.csproj", "{83B692CB-D25B-44A8-926E-674C1892BC14}"
EndProject
Project("{FAE04EC0-301F-11D3-BF4B-00C04F79EFBC}") = "MyWallet.Contracts", "MyWallet.Contracts\MyWallet.Contracts.csproj", "{067622D3-E07D-43A0-9818-55B215BE5780}"
EndProject
Project("{FAE04EC0-301F-11D3-BF4B-00C04F79EFBC}") = "MyWallet.Domain", "MyWallet.Domain\MyWallet.Domain.csproj", "{057FE3B5-A8AE-4776-8F5D-6EA3E00F5646}"
EndProject
Project("{FAE04EC0-301F-11D3-BF4B-00C04F79EFBC}") = "MyWalltet.Infrastructure", "MyWalltet.Infrastructure\MyWalltet.Infrastructure.csproj", "{C63D3C72-D5E3-4F04-869A-B8215D7DBC6B}"
EndProject
Project("{2150E333-8FDC-42A3-9474-1A3956D46DE8}") = "src", "src", "{C4AA9F05-102A-43E3-9077-D5FE41E42908}"
EndProject
Project("{2150E333-8FDC-42A3-9474-1A3956D46DE8}") = "tests", "tests", "{E3822434-9A5E-4664-83AC-18E4BE275C2B}"
EndProject
Global
	GlobalSection(SolutionConfigurationPlatforms) = preSolution
		Debug|Any CPU = Debug|Any CPU
		Release|Any CPU = Release|Any CPU
	EndGlobalSection
	GlobalSection(ProjectConfigurationPlatforms) = postSolution
		{598034E8-C071-49D0-BB8A-9ECF45D4C7F2}.Debug|Any CPU.ActiveCfg = Debug|Any CPU
		{598034E8-C071-49D0-BB8A-9ECF45D4C7F2}.Debug|Any CPU.Build.0 = Debug|Any CPU
		{598034E8-C071-49D0-BB8A-9ECF45D4C7F2}.Release|Any CPU.ActiveCfg = Release|Any CPU
		{598034E8-C071-49D0-BB8A-9ECF45D4C7F2}.Release|Any CPU.Build.0 = Release|Any CPU
		{83B692CB-D25B-44A8-926E-674C1892BC14}.Debug|Any CPU.ActiveCfg = Debug|Any CPU
		{83B692CB-D25B-44A8-926E-674C1892BC14}.Debug|Any CPU.Build.0 = Debug|Any CPU
		{83B692CB-D25B-44A8-926E-674C1892BC14}.Release|Any CPU.ActiveCfg = Release|Any CPU
		{83B692CB-D25B-44A8-926E-674C1892BC14}.Release|Any CPU.Build.0 = Release|Any CPU
		{067622D3-E07D-43A0-9818-55B215BE5780}.Debug|Any CPU.ActiveCfg = Debug|Any CPU
		{067622D3-E07D-43A0-9818-55B215BE5780}.Debug|Any CPU.Build.0 = Debug|Any CPU
		{067622D3-E07D-43A0-9818-55B215BE5780}.Release|Any CPU.ActiveCfg = Release|Any CPU
		{067622D3-E07D-43A0-9818-55B215BE5780}.Release|Any CPU.Build.0 = Release|Any CPU
		{057FE3B5-A8AE-4776-8F5D-6EA3E00F5646}.Debug|Any CPU.ActiveCfg = Debug|Any CPU
		{057FE3B5-A8AE-4776-8F5D-6EA3E00F5646}.Debug|Any CPU.Build.0 = Debug|Any CPU
		{057FE3B5-A8AE-4776-8F5D-6EA3E00F5646}.Release|Any CPU.ActiveCfg = Release|Any CPU
		{057FE3B5-A8AE-4776-8F5D-6EA3E00F5646}.Release|Any CPU.Build.0 = Release|Any CPU
		{C63D3C72-D5E3-4F04-869A-B8215D7DBC6B}.Debug|Any CPU.ActiveCfg = Debug|Any CPU
		{C63D3C72-D5E3-4F04-869A-B8215D7DBC6B}.Debug|Any CPU.Build.0 = Debug|Any CPU
		{C63D3C72-D5E3-4F04-869A-B8215D7DBC6B}.Release|Any CPU.ActiveCfg = Release|Any CPU
		{C63D3C72-D5E3-4F04-869A-B8215D7DBC6B}.Release|Any CPU.Build.0 = Release|Any CPU
	EndGlobalSection
	GlobalSection(NestedProjects) = preSolution
		{83B692CB-D25B-44A8-926E-674C1892BC14} = {C4AA9F05-102A-43E3-9077-D5FE41E42908}
		{C63D3C72-D5E3-4F04-869A-B8215D7DBC6B} = {C4AA9F05-102A-43E3-9077-D5FE41E42908}
		{067622D3-E07D-43A0-9818-55B215BE5780} = {C4AA9F05-102A-43E3-9077-D5FE41E42908}
		{057FE3B5-A8AE-4776-8F5D-6EA3E00F5646} = {C4AA9F05-102A-43E3-9077-D5FE41E42908}
		{598034E8-C071-49D0-BB8A-9ECF45D4C7F2} = {C4AA9F05-102A-43E3-9077-D5FE41E42908}
	EndGlobalSection
EndGlobal
