
Microsoft Visual Studio Solution File, Format Version 12.00
Project("{FAE04EC0-301F-11D3-BF4B-00C04F79EFBC}") = "MyWallet.Web", "MyWallet.Web\MyWallet.Web.csproj", "{598034E8-C071-49D0-BB8A-9ECF45D4C7F2}"
EndProject
Global
	GlobalSection(SolutionConfigurationPlatforms) = preSolution
		Debug|Any CPU = Debug|Any CPU
		Release|Any CPU = Release|Any CPU
	EndGlobalSection
	GlobalSection(ProjectConfigurationPlatforms) = postSolution
		{598034E8-C071-49D0-BB8A-9ECF45D4C7F2}.Debug|Any CPU.ActiveCfg = Debug|Any CPU
		{598034E8-C071-49D0-BB8A-9ECF45D4C7F2}.Debug|Any CPU.Build.0 = Debug|Any CPU
		{598034E8-C071-49D0-BB8A-9ECF45D4C7F2}.Release|Any CPU.ActiveCfg = Release|Any CPU
		{598034E8-C071-49D0-BB8A-9ECF45D4C7F2}.Release|Any CPU.Build.0 = Release|Any CPU
	EndGlobalSection
EndGlobal
